
Microsoft Visual Studio Solution File, Format Version 12.00
# Visual Studio Version 16
VisualStudioVersion = 16.0.31613.86
MinimumVisualStudioVersion = 10.0.40219.1
Project("{FAE04EC0-301F-11D3-BF4B-00C04F79EFBC}") = "WcfService1", "WcfService1.csproj", "{EA7A4678-F388-42DE-9DA1-2910256DB31B}"
EndProject
Global
	GlobalSection(SolutionConfigurationPlatforms) = preSolution
		Debug|Any CPU = Debug|Any CPU
		Release|Any CPU = Release|Any CPU
	EndGlobalSection
	GlobalSection(ProjectConfigurationPlatforms) = postSolution
		{EA7A4678-F388-42DE-9DA1-2910256DB31B}.Debug|Any CPU.ActiveCfg = Debug|Any CPU
		{EA7A4678-F388-42DE-9DA1-2910256DB31B}.Debug|Any CPU.Build.0 = Debug|Any CPU
		{EA7A4678-F388-42DE-9DA1-2910256DB31B}.Release|Any CPU.ActiveCfg = Release|Any CPU
		{EA7A4678-F388-42DE-9DA1-2910256DB31B}.Release|Any CPU.Build.0 = Release|Any CPU
	EndGlobalSection
	GlobalSection(SolutionProperties) = preSolution
		HideSolutionNode = FALSE
	EndGlobalSection
	GlobalSection(ExtensibilityGlobals) = postSolution
		SolutionGuid = {1DBA8908-6D75-46FD-B196-FA1446173C95}
	EndGlobalSection
EndGlobal
